
Microsoft Visual Studio Solution File, Format Version 12.00
# Visual Studio Version 17
VisualStudioVersion = 17.13.35919.96 d17.13
MinimumVisualStudioVersion = 10.0.40219.1
Project("{FAE04EC0-301F-11D3-BF4B-00C04F79EFBC}") = "ServicebusEmulator", "ServicebusEmulator.csproj", "{BE5E8679-6C0C-4E05-AEEC-904A3D001498}"
EndProject
Global
	GlobalSection(SolutionConfigurationPlatforms) = preSolution
		Debug|Any CPU = Debug|Any CPU
		Release|Any CPU = Release|Any CPU
	EndGlobalSection
	GlobalSection(ProjectConfigurationPlatforms) = postSolution
		{BE5E8679-6C0C-4E05-AEEC-904A3D001498}.Debug|Any CPU.ActiveCfg = Debug|Any CPU
		{BE5E8679-6C0C-4E05-AEEC-904A3D001498}.Debug|Any CPU.Build.0 = Debug|Any CPU
		{BE5E8679-6C0C-4E05-AEEC-904A3D001498}.Release|Any CPU.ActiveCfg = Release|Any CPU
		{BE5E8679-6C0C-4E05-AEEC-904A3D001498}.Release|Any CPU.Build.0 = Release|Any CPU
	EndGlobalSection
	GlobalSection(SolutionProperties) = preSolution
		HideSolutionNode = FALSE
	EndGlobalSection
	GlobalSection(ExtensibilityGlobals) = postSolution
		SolutionGuid = {C966F1AA-699B-499E-AC3E-5CF455687DD8}
	EndGlobalSection
EndGlobal
